
Microsoft Visual Studio Solution File, Format Version 12.00
# Visual Studio 14
VisualStudioVersion = 14.0.25420.1
MinimumVisualStudioVersion = 10.0.40219.1
Project("{FAE04EC0-301F-11D3-BF4B-00C04F79EFBC}") = "EzBusiness_Web", "EzBusiness_Web\EzBusiness_Web.csproj", "{D057611A-B13A-447A-8602-66453080A4B3}"
EndProject
Project("{FAE04EC0-301F-11D3-BF4B-00C04F79EFBC}") = "EzBusiness_BL_Service", "EzBusiness_BL_Service\EzBusiness_BL_Service.csproj", "{7D97BD22-4762-437F-97D1-E677901EF0A3}"
EndProject
Project("{FAE04EC0-301F-11D3-BF4B-00C04F79EFBC}") = "EzBusiness_DL_Interface", "EzBusiness_DL_Interface\EzBusiness_DL_Interface.csproj", "{EF392390-CF2D-4B7E-9E9E-90B2C183C946}"
EndProject
Project("{FAE04EC0-301F-11D3-BF4B-00C04F79EFBC}") = "EzBusiness_DL_Repository", "EzBusiness_DL_Repository\EzBusiness_DL_Repository.csproj", "{17A8F046-220D-4577-BC0E-DFDCD2E6A42F}"
EndProject
Project("{FAE04EC0-301F-11D3-BF4B-00C04F79EFBC}") = "EzBusiness_EF_Entity", "EzBusiness_EF_Entity\EzBusiness_EF_Entity.csproj", "{1361DCC4-5045-402C-BDF7-3E38D9A6A7A7}"
EndProject
Project("{FAE04EC0-301F-11D3-BF4B-00C04F79EFBC}") = "EzBusiness_ViewModels", "EzBusiness_ViewModels\EzBusiness_ViewModels.csproj", "{7905FAF2-2CB1-40BC-B8AD-DDF1EF726A24}"
EndProject
Project("{FAE04EC0-301F-11D3-BF4B-00C04F79EFBC}") = "EzBusiness_BL_Interface", "EzBusiness_BL_Interface\EzBusiness_BL_Interface.csproj", "{DB0B07EA-68E6-4353-B31C-3F5CDE0BC32F}"
EndProject
Global
	GlobalSection(SolutionConfigurationPlatforms) = preSolution
		Debug|Any CPU = Debug|Any CPU
		Release|Any CPU = Release|Any CPU
	EndGlobalSection
	GlobalSection(ProjectConfigurationPlatforms) = postSolution
		{D057611A-B13A-447A-8602-66453080A4B3}.Debug|Any CPU.ActiveCfg = Debug|Any CPU
		{D057611A-B13A-447A-8602-66453080A4B3}.Debug|Any CPU.Build.0 = Debug|Any CPU
		{D057611A-B13A-447A-8602-66453080A4B3}.Release|Any CPU.ActiveCfg = Release|Any CPU
		{D057611A-B13A-447A-8602-66453080A4B3}.Release|Any CPU.Build.0 = Release|Any CPU
		{7D97BD22-4762-437F-97D1-E677901EF0A3}.Debug|Any CPU.ActiveCfg = Debug|Any CPU
		{7D97BD22-4762-437F-97D1-E677901EF0A3}.Debug|Any CPU.Build.0 = Debug|Any CPU
		{7D97BD22-4762-437F-97D1-E677901EF0A3}.Release|Any CPU.ActiveCfg = Release|Any CPU
		{7D97BD22-4762-437F-97D1-E677901EF0A3}.Release|Any CPU.Build.0 = Release|Any CPU
		{EF392390-CF2D-4B7E-9E9E-90B2C183C946}.Debug|Any CPU.ActiveCfg = Debug|Any CPU
		{EF392390-CF2D-4B7E-9E9E-90B2C183C946}.Debug|Any CPU.Build.0 = Debug|Any CPU
		{EF392390-CF2D-4B7E-9E9E-90B2C183C946}.Release|Any CPU.ActiveCfg = Release|Any CPU
		{EF392390-CF2D-4B7E-9E9E-90B2C183C946}.Release|Any CPU.Build.0 = Release|Any CPU
		{17A8F046-220D-4577-BC0E-DFDCD2E6A42F}.Debug|Any CPU.ActiveCfg = Debug|Any CPU
		{17A8F046-220D-4577-BC0E-DFDCD2E6A42F}.Debug|Any CPU.Build.0 = Debug|Any CPU
		{17A8F046-220D-4577-BC0E-DFDCD2E6A42F}.Release|Any CPU.ActiveCfg = Release|Any CPU
		{17A8F046-220D-4577-BC0E-DFDCD2E6A42F}.Release|Any CPU.Build.0 = Release|Any CPU
		{1361DCC4-5045-402C-BDF7-3E38D9A6A7A7}.Debug|Any CPU.ActiveCfg = Debug|Any CPU
		{1361DCC4-5045-402C-BDF7-3E38D9A6A7A7}.Debug|Any CPU.Build.0 = Debug|Any CPU
		{1361DCC4-5045-402C-BDF7-3E38D9A6A7A7}.Release|Any CPU.ActiveCfg = Release|Any CPU
		{1361DCC4-5045-402C-BDF7-3E38D9A6A7A7}.Release|Any CPU.Build.0 = Release|Any CPU
		{7905FAF2-2CB1-40BC-B8AD-DDF1EF726A24}.Debug|Any CPU.ActiveCfg = Debug|Any CPU
		{7905FAF2-2CB1-40BC-B8AD-DDF1EF726A24}.Debug|Any CPU.Build.0 = Debug|Any CPU
		{7905FAF2-2CB1-40BC-B8AD-DDF1EF726A24}.Release|Any CPU.ActiveCfg = Release|Any CPU
		{7905FAF2-2CB1-40BC-B8AD-DDF1EF726A24}.Release|Any CPU.Build.0 = Release|Any CPU
		{DB0B07EA-68E6-4353-B31C-3F5CDE0BC32F}.Debug|Any CPU.ActiveCfg = Debug|Any CPU
		{DB0B07EA-68E6-4353-B31C-3F5CDE0BC32F}.Debug|Any CPU.Build.0 = Debug|Any CPU
		{DB0B07EA-68E6-4353-B31C-3F5CDE0BC32F}.Release|Any CPU.ActiveCfg = Release|Any CPU
		{DB0B07EA-68E6-4353-B31C-3F5CDE0BC32F}.Release|Any CPU.Build.0 = Release|Any CPU
	EndGlobalSection
	GlobalSection(SolutionProperties) = preSolution
		HideSolutionNode = FALSE
	EndGlobalSection
EndGlobal
